# THIS IS AN AUTOGENERATED FILE. DO NOT EDIT THIS FILE DIRECTLY.
# yarn lockfile v1


"@wowts/lua@^1.0.2", "@wowts/lua@^1.0.3":
  version "1.0.3"
  resolved "https://registry.yarnpkg.com/@wowts/lua/-/lua-1.0.3.tgz#3e75d1ad1dac3095021d24e4a3a319dc27a7bbc8"

"@wowts/lua@^1.0.5", "@wowts/lua@^1.3.0", "@wowts/lua@^1.3.2", "@wowts/lua@^1.4.1":
  version "1.4.1"
  resolved "https://registry.yarnpkg.com/@wowts/lua/-/lua-1.4.1.tgz#999b6247c35116a8ee856a24810f7cfdd1a70e52"
  integrity sha512-USMemyOdVnDJgeILN32bOMJB9WuW2KyN1UZbGCmx6cDwQtg2COJbc/qy0jkUqN6SXMPtBJvfxpnZR3VN8o4EGw==

"@wowts/table@^1.0.0":
  version "1.0.0"
  resolved "https://registry.yarnpkg.com/@wowts/table/-/table-1.0.0.tgz#745ac84dc12dfbec7fd9c9ef1574576ded569fed"
  dependencies:
    "@wowts/lua" "^1.0.2"

"@wowts/table@^1.0.1":
  version "1.0.1"
  resolved "https://registry.yarnpkg.com/@wowts/table/-/table-1.0.1.tgz#21872a8d22c69582d9bdcc2808f1971a5bbeebfc"
  integrity sha512-j6e2gDajnbPlPG8GvKT+0K/13SolEmDHK2E/BhPTIk+nPDpxrg/wPt2CmajYT1nxj6Ic/+K3UTuPY26tQkNwaA==
  dependencies:
    "@wowts/lua" "^1.0.5"

"@wowts/tsaddon@^1.2.1":
  version "1.2.1"
  resolved "https://registry.yarnpkg.com/@wowts/tsaddon/-/tsaddon-1.2.1.tgz#83934672316a8e1535717a3b7f13d890d0ebaab5"
  integrity sha512-er+u06tCtqMPsG+HuhkPBxgNXqWhR1iunpLcC+zYMfyurZyplSQhhQbizHN8h3NNpwlUD0vnV4krVM3N/a7Xdw==
  dependencies:
    "@wowts/lua" "^1.0.3"
    "@wowts/table" "^1.0.0"
    "@wowts/tslib" "^1.0.0"
    "@wowts/wow-mock" "^1.0.8"

"@wowts/tslib@^1.0.0":
  version "1.0.0"
  resolved "https://registry.yarnpkg.com/@wowts/tslib/-/tslib-1.0.0.tgz#278bf29a3fbb955e19f612fcf10908183f82fea0"
  dependencies:
    "@wowts/lua" "^1.0.3"

"@wowts/tslib@^1.1.0":
  version "1.1.0"
  resolved "https://registry.yarnpkg.com/@wowts/tslib/-/tslib-1.1.0.tgz#f6582d3d617cbf28c8b3f781d6e9aa5c1cc4a939"
  integrity sha512-fvtaNOKeSf5FbMXqjwXfajefsbd+hQDd7mTatG93eC7QsIBFvgvHSqCPxWxIsVOZkjxrhdPhGwxaUx0uAXaD+Q==
  dependencies:
    "@wowts/lua" "^1.3.0"

"@wowts/wow-mock@^1.0.8", "@wowts/wow-mock@^1.19.0":
  version "1.22.1"
  resolved "https://registry.yarnpkg.com/@wowts/wow-mock/-/wow-mock-1.22.1.tgz#c320dabb65b21f70a13d6778096d92a00671daf3"
  integrity sha512-uxvZH7HZiCrVarT01ilgtdJHA/spJ7bq8mLC1vAnIu2VJ6r/dMHb7DgtvIiHv+XgSWSUL3NRmvtz76zcuNphpQ==
  dependencies:
    "@wowts/lua" "^1.3.2"
    "@wowts/table" "^1.0.1"

typescript@^4.0.1:
  version "4.0.5"
  resolved "https://registry.yarnpkg.com/typescript/-/typescript-4.0.5.tgz#ae9dddfd1069f1cb5beb3ef3b2170dd7c1332389"
  integrity sha512-ywmr/VrTVCmNTJ6iV2LwIrfG1P+lv6luD8sUJs+2eI9NLGigaN+nUQc13iHqisq7bra9lnmUSYqbJvegraBOPQ==
